{
  "name": "src",
  "version": "1.0.0",
  "lockfileVersion": 1,
  "requires": true,
  "dependencies": {
    "dayjs": {
      "version": "1.8.10",
      "resolved": "https://registry.npmjs.org/dayjs/-/dayjs-1.8.10.tgz",
      "integrity": "sha512-U+7kBBkJzPWww0vNeMkaBeJwnkivTACoajm+bTfwparjFcPI6/5JSQN40WVnX6yCsm20oGf1SkMkIIp4m/boAw=="
    }
  }
}
